
Microsoft Visual Studio Solution File, Format Version 12.00
# Visual Studio Version 16
VisualStudioVersion = 16.0.31829.152
MinimumVisualStudioVersion = 10.0.40219.1
Project("{9A19103F-16F7-4668-BE54-9A1E7A4F7556}") = "CarRentalManagement.Server", "CarRentalManagement\Server\CarRentalManagement.Server.csproj", "{6C56C148-F25C-4F58-8994-7A9AE11A9A4D}"
EndProject
Project("{9A19103F-16F7-4668-BE54-9A1E7A4F7556}") = "CarRentalManagement.Client", "CarRentalManagement\Client\CarRentalManagement.Client.csproj", "{6805C378-8514-4915-B1EC-9DF79E63C96B}"
EndProject
Project("{9A19103F-16F7-4668-BE54-9A1E7A4F7556}") = "CarRentalManagement.Shared", "CarRentalManagement\Shared\CarRentalManagement.Shared.csproj", "{7358694A-6A4C-4564-AA19-8D894D4B187D}"
EndProject
Global
	GlobalSection(SolutionConfigurationPlatforms) = preSolution
		Debug|Any CPU = Debug|Any CPU
		Release|Any CPU = Release|Any CPU
	EndGlobalSection
	GlobalSection(ProjectConfigurationPlatforms) = postSolution
		{6C56C148-F25C-4F58-8994-7A9AE11A9A4D}.Debug|Any CPU.ActiveCfg = Debug|Any CPU
		{6C56C148-F25C-4F58-8994-7A9AE11A9A4D}.Debug|Any CPU.Build.0 = Debug|Any CPU
		{6C56C148-F25C-4F58-8994-7A9AE11A9A4D}.Release|Any CPU.ActiveCfg = Release|Any CPU
		{6C56C148-F25C-4F58-8994-7A9AE11A9A4D}.Release|Any CPU.Build.0 = Release|Any CPU
		{6805C378-8514-4915-B1EC-9DF79E63C96B}.Debug|Any CPU.ActiveCfg = Debug|Any CPU
		{6805C378-8514-4915-B1EC-9DF79E63C96B}.Debug|Any CPU.Build.0 = Debug|Any CPU
		{6805C378-8514-4915-B1EC-9DF79E63C96B}.Release|Any CPU.ActiveCfg = Release|Any CPU
		{6805C378-8514-4915-B1EC-9DF79E63C96B}.Release|Any CPU.Build.0 = Release|Any CPU
		{7358694A-6A4C-4564-AA19-8D894D4B187D}.Debug|Any CPU.ActiveCfg = Debug|Any CPU
		{7358694A-6A4C-4564-AA19-8D894D4B187D}.Debug|Any CPU.Build.0 = Debug|Any CPU
		{7358694A-6A4C-4564-AA19-8D894D4B187D}.Release|Any CPU.ActiveCfg = Release|Any CPU
		{7358694A-6A4C-4564-AA19-8D894D4B187D}.Release|Any CPU.Build.0 = Release|Any CPU
	EndGlobalSection
	GlobalSection(SolutionProperties) = preSolution
		HideSolutionNode = FALSE
	EndGlobalSection
	GlobalSection(ExtensibilityGlobals) = postSolution
		SolutionGuid = {68CEA2DD-4883-44DC-B759-7AED97F8F6F0}
	EndGlobalSection
EndGlobal
